# @generated by Move, please check-in and do not edit manually.

[move]
version = 3
manifest_digest = "5FE9220EAFE0CCB7628FBCEC077614C4122F5B4217DE441D924DBB8A68189FFB"
deps_digest = "F8BBB0CCB2491CA29A3DF03D6F92277A4F3574266507ACD77214D37ECA3F3082"
dependencies = [
  { id = "Sui", name = "Sui" },
]

[[move.package]]
id = "MoveStdlib"
source = { git = "https://github.com/MystenLabs/sui.git", rev = "framework/testnet", subdir = "crates/sui-framework/packages/move-stdlib" }

[[move.package]]
id = "Sui"
source = { git = "https://github.com/MystenLabs/sui.git", rev = "framework/testnet", subdir = "crates/sui-framework/packages/sui-framework" }

dependencies = [
  { id = "MoveStdlib", name = "MoveStdlib" },
]

[move.toolchain-version]
compiler-version = "1.57.0"
edition = "2024.beta"
flavor = "sui"

[env]

[env.testnet]
chain-id = "4c78adac"
original-published-id = "0x6aeac8ec67f157d9d8e8b0df4171955f4feaee331bc037ab7a41b2c757ebe570"
latest-published-id = "0x6aeac8ec67f157d9d8e8b0df4171955f4feaee331bc037ab7a41b2c757ebe570"
published-version = "1"
